// !$*UTF8*$!
{
	archiveVersion = 1;
	classes = {
	};
	objectVersion = 56;
	objects = {

/* Begin PBXBuildFile section */
		0E5F44522C5764E300FAFE52 /* CustomCollectionViewCell.swift in Sources */ = {isa = PBXBuildFile; fileRef = 0E5F44512C5764E300FAFE52 /* CustomCollectionViewCell.swift */; };
		0E5F44542C57768E00FAFE52 /* DetailViewController.swift in Sources */ = {isa = PBXBuildFile; fileRef = 0E5F44532C57768E00FAFE52 /* DetailViewController.swift */; };
		0E5F44572C57828700FAFE52 /* BaseNC.swift in Sources */ = {isa = PBXBuildFile; fileRef = 0E5F44562C57828700FAFE52 /* BaseNC.swift */; };
		0E5F44592C57834F00FAFE52 /* EmoticonTagCell.swift in Sources */ = {isa = PBXBuildFile; fileRef = 0E5F44582C57834F00FAFE52 /* EmoticonTagCell.swift */; };
		0E5F445B2C57837400FAFE52 /* LeftAlignedCollectionViewFlowLayout.swift in Sources */ = {isa = PBXBuildFile; fileRef = 0E5F445A2C57837400FAFE52 /* LeftAlignedCollectionViewFlowLayout.swift */; };
		0EAEF5632C57528600F75E70 /* AppDelegate.swift in Sources */ = {isa = PBXBuildFile; fileRef = 0EAEF5622C57528600F75E70 /* AppDelegate.swift */; };
		0EAEF5652C57528600F75E70 /* SceneDelegate.swift in Sources */ = {isa = PBXBuildFile; fileRef = 0EAEF5642C57528600F75E70 /* SceneDelegate.swift */; };
		0EAEF5672C57528600F75E70 /* MainViewController.swift in Sources */ = {isa = PBXBuildFile; fileRef = 0EAEF5662C57528600F75E70 /* MainViewController.swift */; };
		0EAEF56C2C57528800F75E70 /* Assets.xcassets in Resources */ = {isa = PBXBuildFile; fileRef = 0EAEF56B2C57528800F75E70 /* Assets.xcassets */; };
		0EAEF56F2C57528800F75E70 /* LaunchScreen.storyboard in Resources */ = {isa = PBXBuildFile; fileRef = 0EAEF56D2C57528800F75E70 /* LaunchScreen.storyboard */; };
		0EAEF5782C5757D800F75E70 /* UIColor+.swift in Sources */ = {isa = PBXBuildFile; fileRef = 0EAEF5772C5757D800F75E70 /* UIColor+.swift */; };
		0EAEF57B2C575AE100F75E70 /* SnapKit in Frameworks */ = {isa = PBXBuildFile; productRef = 0EAEF57A2C575AE100F75E70 /* SnapKit */; };
		0EAEF57E2C575AEF00F75E70 /* Then in Frameworks */ = {isa = PBXBuildFile; productRef = 0EAEF57D2C575AEF00F75E70 /* Then */; };
		3C87280B2C58643F00FF903D /* RecentCopiesViewController.swift in Sources */ = {isa = PBXBuildFile; fileRef = 3C87280A2C58643F00FF903D /* RecentCopiesViewController.swift */; };
		3C87280D2C58821000FF903D /* EmoticonsData.swift in Sources */ = {isa = PBXBuildFile; fileRef = 3C87280C2C58821000FF903D /* EmoticonsData.swift */; };
		3C87280F2C58822200FF903D /* BigEmoticonsData.swift in Sources */ = {isa = PBXBuildFile; fileRef = 3C87280E2C58822200FF903D /* BigEmoticonsData.swift */; };
		3C8728122C5885BF00FF903D /* GoogleMobileAds in Frameworks */ = {isa = PBXBuildFile; productRef = 3C8728112C5885BF00FF903D /* GoogleMobileAds */; };
		3C8728142C58B08F00FF903D /* UIViewController+.swift in Sources */ = {isa = PBXBuildFile; fileRef = 3C8728132C58B08F00FF903D /* UIViewController+.swift */; };
		3C8728162C58B22600FF903D /* CALayer+.swift in Sources */ = {isa = PBXBuildFile; fileRef = 3C8728152C58B22600FF903D /* CALayer+.swift */; };
		3C8728192C58B6DE00FF903D /* Constants.swift in Sources */ = {isa = PBXBuildFile; fileRef = 3C8728182C58B6DE00FF903D /* Constants.swift */; };
		3C87281B2C58B98E00FF903D /* BaseCollectionViewCell.swift in Sources */ = {isa = PBXBuildFile; fileRef = 3C87281A2C58B98E00FF903D /* BaseCollectionViewCell.swift */; };
		3C87281D2C58BB5400FF903D /* BigTagCell.swift in Sources */ = {isa = PBXBuildFile; fileRef = 3C87281C2C58BB5400FF903D /* BigTagCell.swift */; };
		3C8728202C58C26500FF903D /* Config.swift in Sources */ = {isa = PBXBuildFile; fileRef = 3C87281F2C58C26500FF903D /* Config.swift */; };
		3CDC3BA32C57CC09004E953E /* BigEmoticonsViewController.swift in Sources */ = {isa = PBXBuildFile; fileRef = 3CDC3BA22C57CC09004E953E /* BigEmoticonsViewController.swift */; };
/* End PBXBuildFile section */

/* Begin PBXFileReference section */
		0E5F44512C5764E300FAFE52 /* CustomCollectionViewCell.swift */ = {isa = PBXFileReference; lastKnownFileType = sourcecode.swift; path = CustomCollectionViewCell.swift; sourceTree = "<group>"; };
		0E5F44532C57768E00FAFE52 /* DetailViewController.swift */ = {isa = PBXFileReference; lastKnownFileType = sourcecode.swift; path = DetailViewController.swift; sourceTree = "<group>"; };
		0E5F44562C57828700FAFE52 /* BaseNC.swift */ = {isa = PBXFileReference; lastKnownFileType = sourcecode.swift; path = BaseNC.swift; sourceTree = "<group>"; };
		0E5F44582C57834F00FAFE52 /* EmoticonTagCell.swift */ = {isa = PBXFileReference; lastKnownFileType = sourcecode.swift; path = EmoticonTagCell.swift; sourceTree = "<group>"; };
		0E5F445A2C57837400FAFE52 /* LeftAlignedCollectionViewFlowLayout.swift */ = {isa = PBXFileReference; lastKnownFileType = sourcecode.swift; path = LeftAlignedCollectionViewFlowLayout.swift; sourceTree = "<group>"; };
		0EAEF55F2C57528600F75E70 /* Conty.app */ = {isa = PBXFileReference; explicitFileType = wrapper.application; includeInIndex = 0; path = Conty.app; sourceTree = BUILT_PRODUCTS_DIR; };
		0EAEF5622C57528600F75E70 /* AppDelegate.swift */ = {isa = PBXFileReference; lastKnownFileType = sourcecode.swift; path = AppDelegate.swift; sourceTree = "<group>"; };
		0EAEF5642C57528600F75E70 /* SceneDelegate.swift */ = {isa = PBXFileReference; lastKnownFileType = sourcecode.swift; path = SceneDelegate.swift; sourceTree = "<group>"; };
		0EAEF5662C57528600F75E70 /* MainViewController.swift */ = {isa = PBXFileReference; lastKnownFileType = sourcecode.swift; path = MainViewController.swift; sourceTree = "<group>"; };
		0EAEF56B2C57528800F75E70 /* Assets.xcassets */ = {isa = PBXFileReference; lastKnownFileType = folder.assetcatalog; path = Assets.xcassets; sourceTree = "<group>"; };
		0EAEF56E2C57528800F75E70 /* Base */ = {isa = PBXFileReference; lastKnownFileType = file.storyboard; name = Base; path = Base.lproj/LaunchScreen.storyboard; sourceTree = "<group>"; };
		0EAEF5702C57528800F75E70 /* Info.plist */ = {isa = PBXFileReference; lastKnownFileType = text.plist.xml; path = Info.plist; sourceTree = "<group>"; };
		0EAEF5772C5757D800F75E70 /* UIColor+.swift */ = {isa = PBXFileReference; lastKnownFileType = sourcecode.swift; path = "UIColor+.swift"; sourceTree = "<group>"; };
		3C87280A2C58643F00FF903D /* RecentCopiesViewController.swift */ = {isa = PBXFileReference; lastKnownFileType = sourcecode.swift; path = RecentCopiesViewController.swift; sourceTree = "<group>"; };
		3C87280C2C58821000FF903D /* EmoticonsData.swift */ = {isa = PBXFileReference; lastKnownFileType = sourcecode.swift; name = EmoticonsData.swift; path = Conty/Data/EmoticonsData.swift; sourceTree = SOURCE_ROOT; };
		3C87280E2C58822200FF903D /* BigEmoticonsData.swift */ = {isa = PBXFileReference; lastKnownFileType = sourcecode.swift; name = BigEmoticonsData.swift; path = Conty/Data/BigEmoticonsData.swift; sourceTree = SOURCE_ROOT; };
		3C8728132C58B08F00FF903D /* UIViewController+.swift */ = {isa = PBXFileReference; lastKnownFileType = sourcecode.swift; path = "UIViewController+.swift"; sourceTree = "<group>"; };
		3C8728152C58B22600FF903D /* CALayer+.swift */ = {isa = PBXFileReference; lastKnownFileType = sourcecode.swift; path = "CALayer+.swift"; sourceTree = "<group>"; };
		3C8728182C58B6DE00FF903D /* Constants.swift */ = {isa = PBXFileReference; lastKnownFileType = sourcecode.swift; path = Constants.swift; sourceTree = "<group>"; };
		3C87281A2C58B98E00FF903D /* BaseCollectionViewCell.swift */ = {isa = PBXFileReference; lastKnownFileType = sourcecode.swift; path = BaseCollectionViewCell.swift; sourceTree = "<group>"; };
		3C87281C2C58BB5400FF903D /* BigTagCell.swift */ = {isa = PBXFileReference; lastKnownFileType = sourcecode.swift; path = BigTagCell.swift; sourceTree = "<group>"; };
		3C87281F2C58C26500FF903D /* Config.swift */ = {isa = PBXFileReference; lastKnownFileType = sourcecode.swift; path = Config.swift; sourceTree = "<group>"; };
		3CDC3BA22C57CC09004E953E /* BigEmoticonsViewController.swift */ = {isa = PBXFileReference; lastKnownFileType = sourcecode.swift; path = BigEmoticonsViewController.swift; sourceTree = "<group>"; };
/* End PBXFileReference section */

/* Begin PBXFrameworksBuildPhase section */
		0EAEF55C2C57528600F75E70 /* Frameworks */ = {
			isa = PBXFrameworksBuildPhase;
			buildActionMask = 2147483647;
			files = (
				3C8728122C5885BF00FF903D /* GoogleMobileAds in Frameworks */,
				0EAEF57B2C575AE100F75E70 /* SnapKit in Frameworks */,
				0EAEF57E2C575AEF00F75E70 /* Then in Frameworks */,
			);
			runOnlyForDeploymentPostprocessing = 0;
		};
/* End PBXFrameworksBuildPhase section */

/* Begin PBXGroup section */
		0E5F44552C57828000FAFE52 /* Base */ = {
			isa = PBXGroup;
			children = (
				0E5F44562C57828700FAFE52 /* BaseNC.swift */,
				3C87281A2C58B98E00FF903D /* BaseCollectionViewCell.swift */,
			);
			path = Base;
			sourceTree = "<group>";
		};
		0E5F445C2C57838C00FAFE52 /* DetailVC */ = {
			isa = PBXGroup;
			children = (
				0E5F44532C57768E00FAFE52 /* DetailViewController.swift */,
				3C8728182C58B6DE00FF903D /* Constants.swift */,
				0E5F445A2C57837400FAFE52 /* LeftAlignedCollectionViewFlowLayout.swift */,
			);
			path = DetailVC;
			sourceTree = "<group>";
		};
		0E5F445D2C57839C00FAFE52 /* Cell */ = {
			isa = PBXGroup;
			children = (
				0E5F44512C5764E300FAFE52 /* CustomCollectionViewCell.swift */,
				0E5F44582C57834F00FAFE52 /* EmoticonTagCell.swift */,
				3C87281C2C58BB5400FF903D /* BigTagCell.swift */,
			);
			path = Cell;
			sourceTree = "<group>";
		};
		0E5F445E2C57841400FAFE52 /* Data */ = {
			isa = PBXGroup;
			children = (
				3C87280C2C58821000FF903D /* EmoticonsData.swift */,
				3C87280E2C58822200FF903D /* BigEmoticonsData.swift */,
			);
			path = Data;
			sourceTree = "<group>";
		};
		0EAEF5562C57528600F75E70 = {
			isa = PBXGroup;
			children = (
				0EAEF5612C57528600F75E70 /* Conty */,
				0EAEF5602C57528600F75E70 /* Products */,
			);
			sourceTree = "<group>";
		};
		0EAEF5602C57528600F75E70 /* Products */ = {
			isa = PBXGroup;
			children = (
				0EAEF55F2C57528600F75E70 /* Conty.app */,
			);
			name = Products;
			sourceTree = "<group>";
		};
		0EAEF5612C57528600F75E70 /* Conty */ = {
			isa = PBXGroup;
			children = (
				3C87281E2C58C25D00FF903D /* Config */,
				0E5F445E2C57841400FAFE52 /* Data */,
				0E5F44552C57828000FAFE52 /* Base */,
				0EAEF5622C57528600F75E70 /* AppDelegate.swift */,
				0EAEF5642C57528600F75E70 /* SceneDelegate.swift */,
				0EAEF5662C57528600F75E70 /* MainViewController.swift */,
				3C8728172C58B6CC00FF903D /* Layout */,
				3C8728092C58643A00FF903D /* RecentCopies */,
				3CDC3BA12C57CBF4004E953E /* BigEmoticons */,
				0E5F445C2C57838C00FAFE52 /* DetailVC */,
				0E5F445D2C57839C00FAFE52 /* Cell */,
				0EAEF5762C5757D200F75E70 /* Extension */,
				0EAEF56B2C57528800F75E70 /* Assets.xcassets */,
				0EAEF56D2C57528800F75E70 /* LaunchScreen.storyboard */,
				0EAEF5702C57528800F75E70 /* Info.plist */,
			);
			path = Conty;
			sourceTree = "<group>";
		};
		0EAEF5762C5757D200F75E70 /* Extension */ = {
			isa = PBXGroup;
			children = (
				0EAEF5772C5757D800F75E70 /* UIColor+.swift */,
				3C8728132C58B08F00FF903D /* UIViewController+.swift */,
				3C8728152C58B22600FF903D /* CALayer+.swift */,
			);
			path = Extension;
			sourceTree = "<group>";
		};
		3C8728092C58643A00FF903D /* RecentCopies */ = {
			isa = PBXGroup;
			children = (
				3C87280A2C58643F00FF903D /* RecentCopiesViewController.swift */,
			);
			path = RecentCopies;
			sourceTree = "<group>";
		};
		3C8728172C58B6CC00FF903D /* Layout */ = {
			isa = PBXGroup;
			children = (
			);
			path = Layout;
			sourceTree = "<group>";
		};
		3C87281E2C58C25D00FF903D /* Config */ = {
			isa = PBXGroup;
			children = (
				3C87281F2C58C26500FF903D /* Config.swift */,
			);
			path = Config;
			sourceTree = "<group>";
		};
		3CDC3BA12C57CBF4004E953E /* BigEmoticons */ = {
			isa = PBXGroup;
			children = (
				3CDC3BA22C57CC09004E953E /* BigEmoticonsViewController.swift */,
			);
			path = BigEmoticons;
			sourceTree = "<group>";
		};
/* End PBXGroup section */

/* Begin PBXNativeTarget section */
		0EAEF55E2C57528600F75E70 /* Conty */ = {
			isa = PBXNativeTarget;
			buildConfigurationList = 0EAEF5732C57528800F75E70 /* Build configuration list for PBXNativeTarget "Conty" */;
			buildPhases = (
				0EAEF55B2C57528600F75E70 /* Sources */,
				0EAEF55C2C57528600F75E70 /* Frameworks */,
				0EAEF55D2C57528600F75E70 /* Resources */,
			);
			buildRules = (
			);
			dependencies = (
			);
			name = Conty;
			packageProductDependencies = (
				0EAEF57A2C575AE100F75E70 /* SnapKit */,
				0EAEF57D2C575AEF00F75E70 /* Then */,
				3C8728112C5885BF00FF903D /* GoogleMobileAds */,
			);
			productName = Conty;
			productReference = 0EAEF55F2C57528600F75E70 /* Conty.app */;
			productType = "com.apple.product-type.application";
		};
/* End PBXNativeTarget section */

/* Begin PBXProject section */
		0EAEF5572C57528600F75E70 /* Project object */ = {
			isa = PBXProject;
			attributes = {
				BuildIndependentTargetsInParallel = 1;
				LastSwiftUpdateCheck = 1500;
				LastUpgradeCheck = 1500;
				TargetAttributes = {
					0EAEF55E2C57528600F75E70 = {
						CreatedOnToolsVersion = 15.0.1;
					};
				};
			};
			buildConfigurationList = 0EAEF55A2C57528600F75E70 /* Build configuration list for PBXProject "Conty" */;
			compatibilityVersion = "Xcode 14.0";
			developmentRegion = en;
			hasScannedForEncodings = 0;
			knownRegions = (
				en,
				Base,
			);
			mainGroup = 0EAEF5562C57528600F75E70;
			packageReferences = (
				0EAEF5792C575AE100F75E70 /* XCRemoteSwiftPackageReference "SnapKit" */,
				0EAEF57C2C575AEF00F75E70 /* XCRemoteSwiftPackageReference "Then" */,
				3C8728102C5885BF00FF903D /* XCRemoteSwiftPackageReference "swift-package-manager-google-mobile-ads" */,
			);
			productRefGroup = 0EAEF5602C57528600F75E70 /* Products */;
			projectDirPath = "";
			projectRoot = "";
			targets = (
				0EAEF55E2C57528600F75E70 /* Conty */,
			);
		};
/* End PBXProject section */

/* Begin PBXResourcesBuildPhase section */
		0EAEF55D2C57528600F75E70 /* Resources */ = {
			isa = PBXResourcesBuildPhase;
			buildActionMask = 2147483647;
			files = (
				0EAEF56F2C57528800F75E70 /* LaunchScreen.storyboard in Resources */,
				0EAEF56C2C57528800F75E70 /* Assets.xcassets in Resources */,
			);
			runOnlyForDeploymentPostprocessing = 0;
		};
/* End PBXResourcesBuildPhase section */

/* Begin PBXSourcesBuildPhase section */
		0EAEF55B2C57528600F75E70 /* Sources */ = {
			isa = PBXSourcesBuildPhase;
			buildActionMask = 2147483647;
			files = (
				3C8728142C58B08F00FF903D /* UIViewController+.swift in Sources */,
				0EAEF5672C57528600F75E70 /* MainViewController.swift in Sources */,
				0E5F44522C5764E300FAFE52 /* CustomCollectionViewCell.swift in Sources */,
				0EAEF5782C5757D800F75E70 /* UIColor+.swift in Sources */,
				3C8728202C58C26500FF903D /* Config.swift in Sources */,
				3C87280D2C58821000FF903D /* EmoticonsData.swift in Sources */,
				3CDC3BA32C57CC09004E953E /* BigEmoticonsViewController.swift in Sources */,
				3C87280B2C58643F00FF903D /* RecentCopiesViewController.swift in Sources */,
				3C87281B2C58B98E00FF903D /* BaseCollectionViewCell.swift in Sources */,
				3C8728192C58B6DE00FF903D /* Constants.swift in Sources */,
				3C87281D2C58BB5400FF903D /* BigTagCell.swift in Sources */,
				0E5F44542C57768E00FAFE52 /* DetailViewController.swift in Sources */,
				0E5F44592C57834F00FAFE52 /* EmoticonTagCell.swift in Sources */,
				3C87280F2C58822200FF903D /* BigEmoticonsData.swift in Sources */,
				0EAEF5632C57528600F75E70 /* AppDelegate.swift in Sources */,
				0E5F44572C57828700FAFE52 /* BaseNC.swift in Sources */,
				0EAEF5652C57528600F75E70 /* SceneDelegate.swift in Sources */,
				3C8728162C58B22600FF903D /* CALayer+.swift in Sources */,
				0E5F445B2C57837400FAFE52 /* LeftAlignedCollectionViewFlowLayout.swift in Sources */,
			);
			runOnlyForDeploymentPostprocessing = 0;
		};
/* End PBXSourcesBuildPhase section */

/* Begin PBXVariantGroup section */
		0EAEF56D2C57528800F75E70 /* LaunchScreen.storyboard */ = {
			isa = PBXVariantGroup;
			children = (
				0EAEF56E2C57528800F75E70 /* Base */,
			);
			name = LaunchScreen.storyboard;
			sourceTree = "<group>";
		};
/* End PBXVariantGroup section */

/* Begin XCBuildConfiguration section */
		0EAEF5712C57528800F75E70 /* Debug */ = {
			isa = XCBuildConfiguration;
			buildSettings = {
				ALWAYS_SEARCH_USER_PATHS = NO;
				ASSETCATALOG_COMPILER_GENERATE_SWIFT_ASSET_SYMBOL_EXTENSIONS = YES;
				CLANG_ANALYZER_NONNULL = YES;
				CLANG_ANALYZER_NUMBER_OBJECT_CONVERSION = YES_AGGRESSIVE;
				CLANG_CXX_LANGUAGE_STANDARD = "gnu++20";
				CLANG_ENABLE_MODULES = YES;
				CLANG_ENABLE_OBJC_ARC = YES;
				CLANG_ENABLE_OBJC_WEAK = YES;
				CLANG_WARN_BLOCK_CAPTURE_AUTORELEASING = YES;
				CLANG_WARN_BOOL_CONVERSION = YES;
				CLANG_WARN_COMMA = YES;
				CLANG_WARN_CONSTANT_CONVERSION = YES;
				CLANG_WARN_DEPRECATED_OBJC_IMPLEMENTATIONS = YES;
				CLANG_WARN_DIRECT_OBJC_ISA_USAGE = YES_ERROR;
				CLANG_WARN_DOCUMENTATION_COMMENTS = YES;
				CLANG_WARN_EMPTY_BODY = YES;
				CLANG_WARN_ENUM_CONVERSION = YES;
				CLANG_WARN_INFINITE_RECURSION = YES;
				CLANG_WARN_INT_CONVERSION = YES;
				CLANG_WARN_NON_LITERAL_NULL_CONVERSION = YES;
				CLANG_WARN_OBJC_IMPLICIT_RETAIN_SELF = YES;
				CLANG_WARN_OBJC_LITERAL_CONVERSION = YES;
				CLANG_WARN_OBJC_ROOT_CLASS = YES_ERROR;
				CLANG_WARN_QUOTED_INCLUDE_IN_FRAMEWORK_HEADER = YES;
				CLANG_WARN_RANGE_LOOP_ANALYSIS = YES;
				CLANG_WARN_STRICT_PROTOTYPES = YES;
				CLANG_WARN_SUSPICIOUS_MOVE = YES;
				CLANG_WARN_UNGUARDED_AVAILABILITY = YES_AGGRESSIVE;
				CLANG_WARN_UNREACHABLE_CODE = YES;
				CLANG_WARN__DUPLICATE_METHOD_MATCH = YES;
				COPY_PHASE_STRIP = NO;
				DEBUG_INFORMATION_FORMAT = dwarf;
				ENABLE_STRICT_OBJC_MSGSEND = YES;
				ENABLE_TESTABILITY = YES;
				ENABLE_USER_SCRIPT_SANDBOXING = YES;
				GCC_C_LANGUAGE_STANDARD = gnu17;
				GCC_DYNAMIC_NO_PIC = NO;
				GCC_NO_COMMON_BLOCKS = YES;
				GCC_OPTIMIZATION_LEVEL = 0;
				GCC_PREPROCESSOR_DEFINITIONS = (
					"DEBUG=1",
					"$(inherited)",
				);
				GCC_WARN_64_TO_32_BIT_CONVERSION = YES;
				GCC_WARN_ABOUT_RETURN_TYPE = YES_ERROR;
				GCC_WARN_UNDECLARED_SELECTOR = YES;
				GCC_WARN_UNINITIALIZED_AUTOS = YES_AGGRESSIVE;
				GCC_WARN_UNUSED_FUNCTION = YES;
				GCC_WARN_UNUSED_VARIABLE = YES;
				IPHONEOS_DEPLOYMENT_TARGET = 17.0;
				LOCALIZATION_PREFERS_STRING_CATALOGS = YES;
				MTL_ENABLE_DEBUG_INFO = INCLUDE_SOURCE;
				MTL_FAST_MATH = YES;
				ONLY_ACTIVE_ARCH = YES;
				SDKROOT = iphoneos;
				SWIFT_ACTIVE_COMPILATION_CONDITIONS = "DEBUG $(inherited)";
				SWIFT_OPTIMIZATION_LEVEL = "-Onone";
			};
			name = Debug;
		};
		0EAEF5722C57528800F75E70 /* Release */ = {
			isa = XCBuildConfiguration;
			buildSettings = {
				ALWAYS_SEARCH_USER_PATHS = NO;
				ASSETCATALOG_COMPILER_GENERATE_SWIFT_ASSET_SYMBOL_EXTENSIONS = YES;
				CLANG_ANALYZER_NONNULL = YES;
				CLANG_ANALYZER_NUMBER_OBJECT_CONVERSION = YES_AGGRESSIVE;
				CLANG_CXX_LANGUAGE_STANDARD = "gnu++20";
				CLANG_ENABLE_MODULES = YES;
				CLANG_ENABLE_OBJC_ARC = YES;
				CLANG_ENABLE_OBJC_WEAK = YES;
				CLANG_WARN_BLOCK_CAPTURE_AUTORELEASING = YES;
				CLANG_WARN_BOOL_CONVERSION = YES;
				CLANG_WARN_COMMA = YES;
				CLANG_WARN_CONSTANT_CONVERSION = YES;
				CLANG_WARN_DEPRECATED_OBJC_IMPLEMENTATIONS = YES;
				CLANG_WARN_DIRECT_OBJC_ISA_USAGE = YES_ERROR;
				CLANG_WARN_DOCUMENTATION_COMMENTS = YES;
				CLANG_WARN_EMPTY_BODY = YES;
				CLANG_WARN_ENUM_CONVERSION = YES;
				CLANG_WARN_INFINITE_RECURSION = YES;
				CLANG_WARN_INT_CONVERSION = YES;
				CLANG_WARN_NON_LITERAL_NULL_CONVERSION = YES;
				CLANG_WARN_OBJC_IMPLICIT_RETAIN_SELF = YES;
				CLANG_WARN_OBJC_LITERAL_CONVERSION = YES;
				CLANG_WARN_OBJC_ROOT_CLASS = YES_ERROR;
				CLANG_WARN_QUOTED_INCLUDE_IN_FRAMEWORK_HEADER = YES;
				CLANG_WARN_RANGE_LOOP_ANALYSIS = YES;
				CLANG_WARN_STRICT_PROTOTYPES = YES;
				CLANG_WARN_SUSPICIOUS_MOVE = YES;
				CLANG_WARN_UNGUARDED_AVAILABILITY = YES_AGGRESSIVE;
				CLANG_WARN_UNREACHABLE_CODE = YES;
				CLANG_WARN__DUPLICATE_METHOD_MATCH = YES;
				COPY_PHASE_STRIP = NO;
				DEBUG_INFORMATION_FORMAT = "dwarf-with-dsym";
				ENABLE_NS_ASSERTIONS = NO;
				ENABLE_STRICT_OBJC_MSGSEND = YES;
				ENABLE_USER_SCRIPT_SANDBOXING = YES;
				GCC_C_LANGUAGE_STANDARD = gnu17;
				GCC_NO_COMMON_BLOCKS = YES;
				GCC_WARN_64_TO_32_BIT_CONVERSION = YES;
				GCC_WARN_ABOUT_RETURN_TYPE = YES_ERROR;
				GCC_WARN_UNDECLARED_SELECTOR = YES;
				GCC_WARN_UNINITIALIZED_AUTOS = YES_AGGRESSIVE;
				GCC_WARN_UNUSED_FUNCTION = YES;
				GCC_WARN_UNUSED_VARIABLE = YES;
				IPHONEOS_DEPLOYMENT_TARGET = 17.0;
				LOCALIZATION_PREFERS_STRING_CATALOGS = YES;
				MTL_ENABLE_DEBUG_INFO = NO;
				MTL_FAST_MATH = YES;
				SDKROOT = iphoneos;
				SWIFT_COMPILATION_MODE = wholemodule;
				VALIDATE_PRODUCT = YES;
			};
			name = Release;
		};
		0EAEF5742C57528800F75E70 /* Debug */ = {
			isa = XCBuildConfiguration;
			buildSettings = {
				ASSETCATALOG_COMPILER_APPICON_NAME = AppIcon;
				ASSETCATALOG_COMPILER_GLOBAL_ACCENT_COLOR_NAME = AccentColor;
				CODE_SIGN_STYLE = Automatic;
				CURRENT_PROJECT_VERSION = 3;
				DEVELOPMENT_TEAM = 92YDTRVDUA;
				GENERATE_INFOPLIST_FILE = YES;
				INFOPLIST_FILE = Conty/Info.plist;
				INFOPLIST_KEY_UIApplicationSupportsIndirectInputEvents = YES;
				INFOPLIST_KEY_UILaunchStoryboardName = LaunchScreen;
				INFOPLIST_KEY_UIMainStoryboardFile = "";
				INFOPLIST_KEY_UISupportedInterfaceOrientations_iPad = "UIInterfaceOrientationPortrait UIInterfaceOrientationPortraitUpsideDown UIInterfaceOrientationLandscapeLeft UIInterfaceOrientationLandscapeRight";
				INFOPLIST_KEY_UISupportedInterfaceOrientations_iPhone = "UIInterfaceOrientationPortrait UIInterfaceOrientationLandscapeLeft UIInterfaceOrientationLandscapeRight";
				LD_RUNPATH_SEARCH_PATHS = (
					"$(inherited)",
					"@executable_path/Frameworks",
				);
				MARKETING_VERSION = 1.0;
				OTHER_LDFLAGS = "-Objc";
				PRODUCT_BUNDLE_IDENTIFIER = jjunhaa0211.Conty;
				PRODUCT_NAME = "$(TARGET_NAME)";
				SWIFT_EMIT_LOC_STRINGS = YES;
				SWIFT_VERSION = 5.0;
				TARGETED_DEVICE_FAMILY = "1,2";
			};
			name = Debug;
		};
		0EAEF5752C57528800F75E70 /* Release */ = {
			isa = XCBuildConfiguration;
			buildSettings = {
				ASSETCATALOG_COMPILER_APPICON_NAME = AppIcon;
				ASSETCATALOG_COMPILER_GLOBAL_ACCENT_COLOR_NAME = AccentColor;
				CODE_SIGN_STYLE = Automatic;
				CURRENT_PROJECT_VERSION = 3;
				DEVELOPMENT_TEAM = 92YDTRVDUA;
				GENERATE_INFOPLIST_FILE = YES;
				INFOPLIST_FILE = Conty/Info.plist;
				INFOPLIST_KEY_UIApplicationSupportsIndirectInputEvents = YES;
				INFOPLIST_KEY_UILaunchStoryboardName = LaunchScreen;
				INFOPLIST_KEY_UIMainStoryboardFile = "";
				INFOPLIST_KEY_UISupportedInterfaceOrientations_iPad = "UIInterfaceOrientationPortrait UIInterfaceOrientationPortraitUpsideDown UIInterfaceOrientationLandscapeLeft UIInterfaceOrientationLandscapeRight";
				INFOPLIST_KEY_UISupportedInterfaceOrientations_iPhone = "UIInterfaceOrientationPortrait UIInterfaceOrientationLandscapeLeft UIInterfaceOrientationLandscapeRight";
				LD_RUNPATH_SEARCH_PATHS = (
					"$(inherited)",
					"@executable_path/Frameworks",
				);
				MARKETING_VERSION = 1.0;
				OTHER_LDFLAGS = "-Objc";
				PRODUCT_BUNDLE_IDENTIFIER = jjunhaa0211.Conty;
				PRODUCT_NAME = "$(TARGET_NAME)";
				SWIFT_EMIT_LOC_STRINGS = YES;
				SWIFT_VERSION = 5.0;
				TARGETED_DEVICE_FAMILY = "1,2";
			};
			name = Release;
		};
/* End XCBuildConfiguration section */

/* Begin XCConfigurationList section */
		0EAEF55A2C57528600F75E70 /* Build configuration list for PBXProject "Conty" */ = {
			isa = XCConfigurationList;
			buildConfigurations = (
				0EAEF5712C57528800F75E70 /* Debug */,
				0EAEF5722C57528800F75E70 /* Release */,
			);
			defaultConfigurationIsVisible = 0;
			defaultConfigurationName = Release;
		};
		0EAEF5732C57528800F75E70 /* Build configuration list for PBXNativeTarget "Conty" */ = {
			isa = XCConfigurationList;
			buildConfigurations = (
				0EAEF5742C57528800F75E70 /* Debug */,
				0EAEF5752C57528800F75E70 /* Release */,
			);
			defaultConfigurationIsVisible = 0;
			defaultConfigurationName = Release;
		};
/* End XCConfigurationList section */

/* Begin XCRemoteSwiftPackageReference section */
		0EAEF5792C575AE100F75E70 /* XCRemoteSwiftPackageReference "SnapKit" */ = {
			isa = XCRemoteSwiftPackageReference;
			repositoryURL = "https://github.com/SnapKit/SnapKit";
			requirement = {
				kind = upToNextMajorVersion;
				minimumVersion = 5.7.1;
			};
		};
		0EAEF57C2C575AEF00F75E70 /* XCRemoteSwiftPackageReference "Then" */ = {
			isa = XCRemoteSwiftPackageReference;
			repositoryURL = "https://github.com/devxoul/Then";
			requirement = {
				kind = upToNextMajorVersion;
				minimumVersion = 3.0.0;
			};
		};
		3C8728102C5885BF00FF903D /* XCRemoteSwiftPackageReference "swift-package-manager-google-mobile-ads" */ = {
			isa = XCRemoteSwiftPackageReference;
			repositoryURL = "https://github.com/googleads/swift-package-manager-google-mobile-ads.git";
			requirement = {
				kind = upToNextMajorVersion;
				minimumVersion = 11.7.0;
			};
		};
/* End XCRemoteSwiftPackageReference section */

/* Begin XCSwiftPackageProductDependency section */
		0EAEF57A2C575AE100F75E70 /* SnapKit */ = {
			isa = XCSwiftPackageProductDependency;
			package = 0EAEF5792C575AE100F75E70 /* XCRemoteSwiftPackageReference "SnapKit" */;
			productName = SnapKit;
		};
		0EAEF57D2C575AEF00F75E70 /* Then */ = {
			isa = XCSwiftPackageProductDependency;
			package = 0EAEF57C2C575AEF00F75E70 /* XCRemoteSwiftPackageReference "Then" */;
			productName = Then;
		};
		3C8728112C5885BF00FF903D /* GoogleMobileAds */ = {
			isa = XCSwiftPackageProductDependency;
			package = 3C8728102C5885BF00FF903D /* XCRemoteSwiftPackageReference "swift-package-manager-google-mobile-ads" */;
			productName = GoogleMobileAds;
		};
/* End XCSwiftPackageProductDependency section */
	};
	rootObject = 0EAEF5572C57528600F75E70 /* Project object */;
}
